
Microsoft Visual Studio Solution File, Format Version 12.00
# Visual Studio Version 17
VisualStudioVersion = 17.0.31903.59
MinimumVisualStudioVersion = 10.0.40219.1
Project("{FAE04EC0-301F-11D3-BF4B-00C04F79EFBC}") = "authentication_service", "authentication_service\authentication_service.csproj", "{5F0DBAF9-2D40-4355-A654-D2002ABA5B9F}"
EndProject
Project("{FAE04EC0-301F-11D3-BF4B-00C04F79EFBC}") = "gateway", "gateway\gateway.csproj", "{477D811F-4923-42DA-BC02-26C2E5A83D48}"
EndProject
Project("{FAE04EC0-301F-11D3-BF4B-00C04F79EFBC}") = "int_test", "int_test\int_test.csproj", "{243FD6A6-6A37-4CA9-94CD-9FCDFF5750F1}"
EndProject
Global
	GlobalSection(SolutionConfigurationPlatforms) = preSolution
		Debug|Any CPU = Debug|Any CPU
		Release|Any CPU = Release|Any CPU
	EndGlobalSection
	GlobalSection(SolutionProperties) = preSolution
		HideSolutionNode = FALSE
	EndGlobalSection
	GlobalSection(ProjectConfigurationPlatforms) = postSolution
		{5F0DBAF9-2D40-4355-A654-D2002ABA5B9F}.Debug|Any CPU.ActiveCfg = Debug|Any CPU
		{5F0DBAF9-2D40-4355-A654-D2002ABA5B9F}.Debug|Any CPU.Build.0 = Debug|Any CPU
		{5F0DBAF9-2D40-4355-A654-D2002ABA5B9F}.Release|Any CPU.ActiveCfg = Release|Any CPU
		{5F0DBAF9-2D40-4355-A654-D2002ABA5B9F}.Release|Any CPU.Build.0 = Release|Any CPU
		{477D811F-4923-42DA-BC02-26C2E5A83D48}.Debug|Any CPU.ActiveCfg = Debug|Any CPU
		{477D811F-4923-42DA-BC02-26C2E5A83D48}.Debug|Any CPU.Build.0 = Debug|Any CPU
		{477D811F-4923-42DA-BC02-26C2E5A83D48}.Release|Any CPU.ActiveCfg = Release|Any CPU
		{477D811F-4923-42DA-BC02-26C2E5A83D48}.Release|Any CPU.Build.0 = Release|Any CPU
		{243FD6A6-6A37-4CA9-94CD-9FCDFF5750F1}.Debug|Any CPU.ActiveCfg = Debug|Any CPU
		{243FD6A6-6A37-4CA9-94CD-9FCDFF5750F1}.Debug|Any CPU.Build.0 = Debug|Any CPU
		{243FD6A6-6A37-4CA9-94CD-9FCDFF5750F1}.Release|Any CPU.ActiveCfg = Release|Any CPU
		{243FD6A6-6A37-4CA9-94CD-9FCDFF5750F1}.Release|Any CPU.Build.0 = Release|Any CPU
	EndGlobalSection
EndGlobal
